
Microsoft Visual Studio Solution File, Format Version 12.00
# Visual Studio Version 16
VisualStudioVersion = 16.0.33529.622
MinimumVisualStudioVersion = 10.0.40219.1
Project("{8BC9CEB8-8B4A-11D0-8D11-00A0C91BC942}") = "Event", "Event.vcxproj", "{1450533A-7B1D-4EFB-A2C8-A14CBFBC8DA6}"
EndProject
Global
	GlobalSection(SolutionConfigurationPlatforms) = preSolution
		Debug|x64 = Debug|x64
		Debug|x86 = Debug|x86
		Release|x64 = Release|x64
		Release|x86 = Release|x86
	EndGlobalSection
	GlobalSection(ProjectConfigurationPlatforms) = postSolution
		{1450533A-7B1D-4EFB-A2C8-A14CBFBC8DA6}.Debug|x64.ActiveCfg = Debug|x64
		{1450533A-7B1D-4EFB-A2C8-A14CBFBC8DA6}.Debug|x64.Build.0 = Debug|x64
		{1450533A-7B1D-4EFB-A2C8-A14CBFBC8DA6}.Debug|x86.ActiveCfg = Debug|Win32
		{1450533A-7B1D-4EFB-A2C8-A14CBFBC8DA6}.Debug|x86.Build.0 = Debug|Win32
		{1450533A-7B1D-4EFB-A2C8-A14CBFBC8DA6}.Release|x64.ActiveCfg = Release|x64
		{1450533A-7B1D-4EFB-A2C8-A14CBFBC8DA6}.Release|x64.Build.0 = Release|x64
		{1450533A-7B1D-4EFB-A2C8-A14CBFBC8DA6}.Release|x86.ActiveCfg = Release|Win32
		{1450533A-7B1D-4EFB-A2C8-A14CBFBC8DA6}.Release|x86.Build.0 = Release|Win32
	EndGlobalSection
	GlobalSection(SolutionProperties) = preSolution
		HideSolutionNode = FALSE
	EndGlobalSection
	GlobalSection(ExtensibilityGlobals) = postSolution
		SolutionGuid = {5158C6B2-3C2A-4C73-B21B-4E89E8726892}
	EndGlobalSection
EndGlobal
