<?xml version="1.0" encoding="utf-8"?>
<Project ToolsVersion="4.0" xmlns="http://schemas.microsoft.com/developer/msbuild/2003">
  <ItemGroup>
    <Filter Include="소스 파일">
      <UniqueIdentifier>{4FC737F1-C7A5-4376-A066-2A32D752A2FF}</UniqueIdentifier>
      <Extensions>cpp;c;cc;cxx;def;odl;idl;hpj;bat;asm;asmx</Extensions>
    </Filter>
    <Filter Include="헤더 파일">
      <UniqueIdentifier>{93995380-89BD-4b04-88EB-625FBE52EBFB}</UniqueIdentifier>
      <Extensions>h;hh;hpp;hxx;hm;inl;inc;ipp;xsd</Extensions>
    </Filter>
    <Filter Include="리소스 파일">
      <UniqueIdentifier>{67DA6AB6-F800-4c08-8B7A-83BB121AAD01}</UniqueIdentifier>
      <Extensions>rc;ico;cur;bmp;dlg;rc2;rct;bin;rgs;gif;jpg;jpeg;jpe;resx;tiff;tif;png;wav;mfcribbon-ms</Extensions>
    </Filter>
  </ItemGroup>
  <ItemGroup>
    <ClInclude Include="FormPad.h">
      <Filter>헤더 파일</Filter>
    </ClInclude>
    <ClInclude Include="framework.h">
      <Filter>헤더 파일</Filter>
    </ClInclude>
    <ClInclude Include="targetver.h">
      <Filter>헤더 파일</Filter>
    </ClInclude>
    <ClInclude Include="MainFrm.h">
      <Filter>헤더 파일</Filter>
    </ClInclude>
    <ClInclude Include="FormPadDoc.h">
      <Filter>헤더 파일</Filter>
    </ClInclude>
    <ClInclude Include="FormPadView.h">
      <Filter>헤더 파일</Filter>
    </ClInclude>
    <ClInclude Include="Resource.h">
      <Filter>헤더 파일</Filter>
    </ClInclude>
    <ClInclude Include="pch.h">
      <Filter>헤더 파일</Filter>
    </ClInclude>
    <ClInclude Include="ControlToolBar.h">
      <Filter>헤더 파일</Filter>
    </ClInclude>
    <ClInclude Include="MyButton.h">
      <Filter>헤더 파일</Filter>
    </ClInclude>
    <ClInclude Include="ControlBase.h">
      <Filter>헤더 파일</Filter>
    </ClInclude>
    <ClInclude Include="PropertyBase.h">
      <Filter>헤더 파일</Filter>
    </ClInclude>
    <ClInclude Include="PropertyButton.h">
      <Filter>헤더 파일</Filter>
    </ClInclude>
    <ClInclude Include="PropertyDlg.h">
      <Filter>헤더 파일</Filter>
    </ClInclude>
    <ClInclude Include="MyAnimate.h">
      <Filter>헤더 파일</Filter>
    </ClInclude>
    <ClInclude Include="MyComboBox.h">
      <Filter>헤더 파일</Filter>
    </ClInclude>
    <ClInclude Include="MyDateTime.h">
      <Filter>헤더 파일</Filter>
    </ClInclude>
    <ClInclude Include="MyGroupBox.h">
      <Filter>헤더 파일</Filter>
    </ClInclude>
    <ClInclude Include="MyIPAddress.h">
      <Filter>헤더 파일</Filter>
    </ClInclude>
    <ClInclude Include="MyMonthCal.h">
      <Filter>헤더 파일</Filter>
    </ClInclude>
    <ClInclude Include="MyPicture.h">
      <Filter>헤더 파일</Filter>
    </ClInclude>
    <ClInclude Include="MyStaticText.h">
      <Filter>헤더 파일</Filter>
    </ClInclude>
    <ClInclude Include="PropertyAnimate.h">
      <Filter>헤더 파일</Filter>
    </ClInclude>
    <ClInclude Include="PropertyComboBox.h">
      <Filter>헤더 파일</Filter>
    </ClInclude>
    <ClInclude Include="PropertyDateTime.h">
      <Filter>헤더 파일</Filter>
    </ClInclude>
    <ClInclude Include="PropertyGroupBox.h">
      <Filter>헤더 파일</Filter>
    </ClInclude>
    <ClInclude Include="PropertyIPAddress.h">
      <Filter>헤더 파일</Filter>
    </ClInclude>
    <ClInclude Include="PropertyMonthCal.h">
      <Filter>헤더 파일</Filter>
    </ClInclude>
    <ClInclude Include="PropertyPicture.h">
      <Filter>헤더 파일</Filter>
    </ClInclude>
    <ClInclude Include="PropertyStaticText.h">
      <Filter>헤더 파일</Filter>
    </ClInclude>
  </ItemGroup>
  <ItemGroup>
    <ClCompile Include="FormPad.cpp">
      <Filter>소스 파일</Filter>
    </ClCompile>
    <ClCompile Include="MainFrm.cpp">
      <Filter>소스 파일</Filter>
    </ClCompile>
    <ClCompile Include="FormPadDoc.cpp">
      <Filter>소스 파일</Filter>
    </ClCompile>
    <ClCompile Include="FormPadView.cpp">
      <Filter>소스 파일</Filter>
    </ClCompile>
    <ClCompile Include="pch.cpp">
      <Filter>소스 파일</Filter>
    </ClCompile>
    <ClCompile Include="ControlToolBar.cpp">
      <Filter>소스 파일</Filter>
    </ClCompile>
    <ClCompile Include="MyButton.cpp">
      <Filter>소스 파일</Filter>
    </ClCompile>
    <ClCompile Include="ControlBase.cpp">
      <Filter>소스 파일</Filter>
    </ClCompile>
    <ClCompile Include="PropertyBase.cpp">
      <Filter>소스 파일</Filter>
    </ClCompile>
    <ClCompile Include="PropertyButton.cpp">
      <Filter>소스 파일</Filter>
    </ClCompile>
    <ClCompile Include="PropertyDlg.cpp">
      <Filter>소스 파일</Filter>
    </ClCompile>
    <ClCompile Include="MyAnimate.cpp">
      <Filter>소스 파일</Filter>
    </ClCompile>
    <ClCompile Include="MyComboBox.cpp">
      <Filter>소스 파일</Filter>
    </ClCompile>
    <ClCompile Include="MyDateTime.cpp">
      <Filter>소스 파일</Filter>
    </ClCompile>
    <ClCompile Include="MyGroupBox.cpp">
      <Filter>소스 파일</Filter>
    </ClCompile>
    <ClCompile Include="MyIPAddress.cpp">
      <Filter>소스 파일</Filter>
    </ClCompile>
    <ClCompile Include="MyMonthCal.cpp">
      <Filter>소스 파일</Filter>
    </ClCompile>
    <ClCompile Include="MyPicture.cpp">
      <Filter>소스 파일</Filter>
    </ClCompile>
    <ClCompile Include="MyStaticText.cpp">
      <Filter>소스 파일</Filter>
    </ClCompile>
    <ClCompile Include="PropertyAnimate.cpp">
      <Filter>소스 파일</Filter>
    </ClCompile>
    <ClCompile Include="PropertyComboBox.cpp">
      <Filter>소스 파일</Filter>
    </ClCompile>
    <ClCompile Include="PropertyDateTime.cpp">
      <Filter>소스 파일</Filter>
    </ClCompile>
    <ClCompile Include="PropertyGroupBox.cpp">
      <Filter>소스 파일</Filter>
    </ClCompile>
    <ClCompile Include="PropertyIPAddress.cpp">
      <Filter>소스 파일</Filter>
    </ClCompile>
    <ClCompile Include="PropertyMonthCal.cpp">
      <Filter>소스 파일</Filter>
    </ClCompile>
    <ClCompile Include="PropertyPicture.cpp">
      <Filter>소스 파일</Filter>
    </ClCompile>
    <ClCompile Include="PropertyStaticText.cpp">
      <Filter>소스 파일</Filter>
    </ClCompile>
  </ItemGroup>
  <ItemGroup>
    <None Include="FormPad.reg" />
    <None Include="res\FormPad.rc2">
      <Filter>리소스 파일</Filter>
    </None>
    <None Include="res\cur26160.cur">
      <Filter>리소스 파일</Filter>
    </None>
    <None Include="res\cur26164.cur">
      <Filter>리소스 파일</Filter>
    </None>
    <None Include="res\cur26166.cur">
      <Filter>리소스 파일</Filter>
    </None>
    <None Include="res\cur26168.cur">
      <Filter>리소스 파일</Filter>
    </None>
    <None Include="res\cur26169.cur">
      <Filter>리소스 파일</Filter>
    </None>
    <None Include="res\cur26174.cur">
      <Filter>리소스 파일</Filter>
    </None>
    <None Include="res\cur26205.cur">
      <Filter>리소스 파일</Filter>
    </None>
    <None Include="res\cur26299.cur">
      <Filter>리소스 파일</Filter>
    </None>
    <None Include="res\cur26303.cur">
      <Filter>리소스 파일</Filter>
    </None>
  </ItemGroup>
  <ItemGroup>
    <ResourceCompile Include="FormPad.rc">
      <Filter>리소스 파일</Filter>
    </ResourceCompile>
  </ItemGroup>
  <ItemGroup>
    <Image Include="res\FormPadDoc.ico">
      <Filter>리소스 파일</Filter>
    </Image>
    <Image Include="res\FormPad.ico">
      <Filter>리소스 파일</Filter>
    </Image>
    <Image Include="res\Toolbar.bmp">
      <Filter>리소스 파일</Filter>
    </Image>
    <Image Include="res\toolbar1.bmp">
      <Filter>리소스 파일</Filter>
    </Image>
  </ItemGroup>
</Project>