
Microsoft Visual Studio Solution File, Format Version 12.00
# Visual Studio Version 16
VisualStudioVersion = 16.0.33529.622
MinimumVisualStudioVersion = 10.0.40219.1
Project("{8BC9CEB8-8B4A-11D0-8D11-00A0C91BC942}") = "StockObjects", "StockObjects.vcxproj", "{A1220541-C59A-442F-BC7D-B65D3B3ED073}"
EndProject
Global
	GlobalSection(SolutionConfigurationPlatforms) = preSolution
		Debug|x64 = Debug|x64
		Debug|x86 = Debug|x86
		Release|x64 = Release|x64
		Release|x86 = Release|x86
	EndGlobalSection
	GlobalSection(ProjectConfigurationPlatforms) = postSolution
		{A1220541-C59A-442F-BC7D-B65D3B3ED073}.Debug|x64.ActiveCfg = Debug|x64
		{A1220541-C59A-442F-BC7D-B65D3B3ED073}.Debug|x64.Build.0 = Debug|x64
		{A1220541-C59A-442F-BC7D-B65D3B3ED073}.Debug|x86.ActiveCfg = Debug|Win32
		{A1220541-C59A-442F-BC7D-B65D3B3ED073}.Debug|x86.Build.0 = Debug|Win32
		{A1220541-C59A-442F-BC7D-B65D3B3ED073}.Release|x64.ActiveCfg = Release|x64
		{A1220541-C59A-442F-BC7D-B65D3B3ED073}.Release|x64.Build.0 = Release|x64
		{A1220541-C59A-442F-BC7D-B65D3B3ED073}.Release|x86.ActiveCfg = Release|Win32
		{A1220541-C59A-442F-BC7D-B65D3B3ED073}.Release|x86.Build.0 = Release|Win32
	EndGlobalSection
	GlobalSection(SolutionProperties) = preSolution
		HideSolutionNode = FALSE
	EndGlobalSection
	GlobalSection(ExtensibilityGlobals) = postSolution
		SolutionGuid = {248391E3-5DF2-4A62-99C7-705457942E25}
	EndGlobalSection
EndGlobal
