
Microsoft Visual Studio Solution File, Format Version 12.00
# Visual Studio Version 16
VisualStudioVersion = 16.0.33529.622
MinimumVisualStudioVersion = 10.0.40219.1
Project("{8BC9CEB8-8B4A-11D0-8D11-00A0C91BC942}") = "ColorSelect", "ColorSelect.vcxproj", "{38BE5D31-65EB-40D0-97A6-1F544F115926}"
EndProject
Global
	GlobalSection(SolutionConfigurationPlatforms) = preSolution
		Debug|x64 = Debug|x64
		Debug|x86 = Debug|x86
		Release|x64 = Release|x64
		Release|x86 = Release|x86
	EndGlobalSection
	GlobalSection(ProjectConfigurationPlatforms) = postSolution
		{38BE5D31-65EB-40D0-97A6-1F544F115926}.Debug|x64.ActiveCfg = Debug|x64
		{38BE5D31-65EB-40D0-97A6-1F544F115926}.Debug|x64.Build.0 = Debug|x64
		{38BE5D31-65EB-40D0-97A6-1F544F115926}.Debug|x86.ActiveCfg = Debug|Win32
		{38BE5D31-65EB-40D0-97A6-1F544F115926}.Debug|x86.Build.0 = Debug|Win32
		{38BE5D31-65EB-40D0-97A6-1F544F115926}.Release|x64.ActiveCfg = Release|x64
		{38BE5D31-65EB-40D0-97A6-1F544F115926}.Release|x64.Build.0 = Release|x64
		{38BE5D31-65EB-40D0-97A6-1F544F115926}.Release|x86.ActiveCfg = Release|Win32
		{38BE5D31-65EB-40D0-97A6-1F544F115926}.Release|x86.Build.0 = Release|Win32
	EndGlobalSection
	GlobalSection(SolutionProperties) = preSolution
		HideSolutionNode = FALSE
	EndGlobalSection
	GlobalSection(ExtensibilityGlobals) = postSolution
		SolutionGuid = {B9DF9BE3-391A-4711-B2BD-DF7A9AE0DAE8}
	EndGlobalSection
EndGlobal
