
Microsoft Visual Studio Solution File, Format Version 12.00
# Visual Studio Version 16
VisualStudioVersion = 16.0.29709.97
MinimumVisualStudioVersion = 10.0.40219.1
Project("{8BC9CEB8-8B4A-11D0-8D11-00A0C91BC942}") = "WorkerThread2", "WorkerThread2.vcxproj", "{EDCD1EBE-818A-44B2-BC50-C2CA018EBC67}"
EndProject
Global
	GlobalSection(SolutionConfigurationPlatforms) = preSolution
		Debug|x64 = Debug|x64
		Debug|x86 = Debug|x86
		Release|x64 = Release|x64
		Release|x86 = Release|x86
	EndGlobalSection
	GlobalSection(ProjectConfigurationPlatforms) = postSolution
		{EDCD1EBE-818A-44B2-BC50-C2CA018EBC67}.Debug|x64.ActiveCfg = Debug|x64
		{EDCD1EBE-818A-44B2-BC50-C2CA018EBC67}.Debug|x64.Build.0 = Debug|x64
		{EDCD1EBE-818A-44B2-BC50-C2CA018EBC67}.Debug|x86.ActiveCfg = Debug|Win32
		{EDCD1EBE-818A-44B2-BC50-C2CA018EBC67}.Debug|x86.Build.0 = Debug|Win32
		{EDCD1EBE-818A-44B2-BC50-C2CA018EBC67}.Release|x64.ActiveCfg = Release|x64
		{EDCD1EBE-818A-44B2-BC50-C2CA018EBC67}.Release|x64.Build.0 = Release|x64
		{EDCD1EBE-818A-44B2-BC50-C2CA018EBC67}.Release|x86.ActiveCfg = Release|Win32
		{EDCD1EBE-818A-44B2-BC50-C2CA018EBC67}.Release|x86.Build.0 = Release|Win32
	EndGlobalSection
	GlobalSection(SolutionProperties) = preSolution
		HideSolutionNode = FALSE
	EndGlobalSection
	GlobalSection(ExtensibilityGlobals) = postSolution
		SolutionGuid = {7D2B2811-71C0-49B1-90CA-33296381F679}
	EndGlobalSection
EndGlobal
