
Microsoft Visual Studio Solution File, Format Version 12.00
# Visual Studio Version 16
VisualStudioVersion = 16.0.29613.14
MinimumVisualStudioVersion = 10.0.40219.1
Project("{8BC9CEB8-8B4A-11D0-8D11-00A0C91BC942}") = "MapTest1", "MapTest1.vcxproj", "{4B11658F-BA20-4A68-A8F7-9A4FA40AC212}"
EndProject
Global
	GlobalSection(SolutionConfigurationPlatforms) = preSolution
		Debug|x64 = Debug|x64
		Debug|x86 = Debug|x86
		Release|x64 = Release|x64
		Release|x86 = Release|x86
	EndGlobalSection
	GlobalSection(ProjectConfigurationPlatforms) = postSolution
		{4B11658F-BA20-4A68-A8F7-9A4FA40AC212}.Debug|x64.ActiveCfg = Debug|x64
		{4B11658F-BA20-4A68-A8F7-9A4FA40AC212}.Debug|x64.Build.0 = Debug|x64
		{4B11658F-BA20-4A68-A8F7-9A4FA40AC212}.Debug|x86.ActiveCfg = Debug|Win32
		{4B11658F-BA20-4A68-A8F7-9A4FA40AC212}.Debug|x86.Build.0 = Debug|Win32
		{4B11658F-BA20-4A68-A8F7-9A4FA40AC212}.Release|x64.ActiveCfg = Release|x64
		{4B11658F-BA20-4A68-A8F7-9A4FA40AC212}.Release|x64.Build.0 = Release|x64
		{4B11658F-BA20-4A68-A8F7-9A4FA40AC212}.Release|x86.ActiveCfg = Release|Win32
		{4B11658F-BA20-4A68-A8F7-9A4FA40AC212}.Release|x86.Build.0 = Release|Win32
	EndGlobalSection
	GlobalSection(SolutionProperties) = preSolution
		HideSolutionNode = FALSE
	EndGlobalSection
	GlobalSection(ExtensibilityGlobals) = postSolution
		SolutionGuid = {478CF788-BA9A-4CFB-9BBF-6C76183B3EF9}
	EndGlobalSection
EndGlobal
