
Microsoft Visual Studio Solution File, Format Version 12.00
# Visual Studio Version 16
VisualStudioVersion = 16.0.33529.622
MinimumVisualStudioVersion = 10.0.40219.1
Project("{8BC9CEB8-8B4A-11D0-8D11-00A0C91BC942}") = "PaintDC", "PaintDC.vcxproj", "{F2CDE63A-D6AF-4244-8B40-D8F8BC26F671}"
EndProject
Global
	GlobalSection(SolutionConfigurationPlatforms) = preSolution
		Debug|x64 = Debug|x64
		Debug|x86 = Debug|x86
		Release|x64 = Release|x64
		Release|x86 = Release|x86
	EndGlobalSection
	GlobalSection(ProjectConfigurationPlatforms) = postSolution
		{F2CDE63A-D6AF-4244-8B40-D8F8BC26F671}.Debug|x64.ActiveCfg = Debug|x64
		{F2CDE63A-D6AF-4244-8B40-D8F8BC26F671}.Debug|x64.Build.0 = Debug|x64
		{F2CDE63A-D6AF-4244-8B40-D8F8BC26F671}.Debug|x86.ActiveCfg = Debug|Win32
		{F2CDE63A-D6AF-4244-8B40-D8F8BC26F671}.Debug|x86.Build.0 = Debug|Win32
		{F2CDE63A-D6AF-4244-8B40-D8F8BC26F671}.Release|x64.ActiveCfg = Release|x64
		{F2CDE63A-D6AF-4244-8B40-D8F8BC26F671}.Release|x64.Build.0 = Release|x64
		{F2CDE63A-D6AF-4244-8B40-D8F8BC26F671}.Release|x86.ActiveCfg = Release|Win32
		{F2CDE63A-D6AF-4244-8B40-D8F8BC26F671}.Release|x86.Build.0 = Release|Win32
	EndGlobalSection
	GlobalSection(SolutionProperties) = preSolution
		HideSolutionNode = FALSE
	EndGlobalSection
	GlobalSection(ExtensibilityGlobals) = postSolution
		SolutionGuid = {DF0867BD-B948-45A3-BEE9-3002CD387E15}
	EndGlobalSection
EndGlobal
